
Microsoft Visual Studio Solution File, Format Version 11.00
# Visual Studio 2010
Project("{FAE04EC0-301F-11D3-BF4B-00C04F79EFBC}") = "ConnectFourCore", "ConnectFour\ConnectFourCore.csproj", "{68E89529-A021-4C5F-BE77-774907DCA494}"
EndProject
Project("{FAE04EC0-301F-11D3-BF4B-00C04F79EFBC}") = "ConnectFourTest", "ConnectFourTest\ConnectFourTest.csproj", "{4834B176-3BFC-4DD9-B92F-25B0255967FC}"
EndProject
Project("{2150E333-8FDC-42A3-9474-1A3956D46DE8}") = "Solution Items", "Solution Items", "{8AF6D3C9-87A6-4C19-9AD7-231B4FE78A6D}"
	ProjectSection(SolutionItems) = preProject
		ConnectFour.vsmdi = ConnectFour.vsmdi
		Local.testsettings = Local.testsettings
		TraceAndTestImpact.testsettings = TraceAndTestImpact.testsettings
	EndProjectSection
EndProject
Project("{FAE04EC0-301F-11D3-BF4B-00C04F79EFBC}") = "ConnectFourConsole", "ConnectFourConsole\ConnectFourConsole.csproj", "{73E51D45-228F-49BB-BA3E-87BCFADFAF5E}"
EndProject
Project("{FAE04EC0-301F-11D3-BF4B-00C04F79EFBC}") = "Benchmarks", "Benchmarks\Benchmarks.csproj", "{828F3F6E-8991-4A6E-831E-16B5C5CD4A85}"
EndProject
Global
	GlobalSection(TestCaseManagementSettings) = postSolution
		CategoryFile = ConnectFour.vsmdi
	EndGlobalSection
	GlobalSection(SolutionConfigurationPlatforms) = preSolution
		Debug|Any CPU = Debug|Any CPU
		Debug|Mixed Platforms = Debug|Mixed Platforms
		Debug|x86 = Debug|x86
		Release|Any CPU = Release|Any CPU
		Release|Mixed Platforms = Release|Mixed Platforms
		Release|x86 = Release|x86
	EndGlobalSection
	GlobalSection(ProjectConfigurationPlatforms) = postSolution
		{68E89529-A021-4C5F-BE77-774907DCA494}.Debug|Any CPU.ActiveCfg = Debug|x86
		{68E89529-A021-4C5F-BE77-774907DCA494}.Debug|Mixed Platforms.ActiveCfg = Debug|x86
		{68E89529-A021-4C5F-BE77-774907DCA494}.Debug|Mixed Platforms.Build.0 = Debug|x86
		{68E89529-A021-4C5F-BE77-774907DCA494}.Debug|x86.ActiveCfg = Debug|x86
		{68E89529-A021-4C5F-BE77-774907DCA494}.Debug|x86.Build.0 = Debug|x86
		{68E89529-A021-4C5F-BE77-774907DCA494}.Release|Any CPU.ActiveCfg = Release|x86
		{68E89529-A021-4C5F-BE77-774907DCA494}.Release|Mixed Platforms.ActiveCfg = Release|x86
		{68E89529-A021-4C5F-BE77-774907DCA494}.Release|Mixed Platforms.Build.0 = Release|x86
		{68E89529-A021-4C5F-BE77-774907DCA494}.Release|x86.ActiveCfg = Release|x86
		{68E89529-A021-4C5F-BE77-774907DCA494}.Release|x86.Build.0 = Release|x86
		{4834B176-3BFC-4DD9-B92F-25B0255967FC}.Debug|Any CPU.ActiveCfg = Debug|Any CPU
		{4834B176-3BFC-4DD9-B92F-25B0255967FC}.Debug|Any CPU.Build.0 = Debug|Any CPU
		{4834B176-3BFC-4DD9-B92F-25B0255967FC}.Debug|Mixed Platforms.ActiveCfg = Debug|Any CPU
		{4834B176-3BFC-4DD9-B92F-25B0255967FC}.Debug|Mixed Platforms.Build.0 = Debug|Any CPU
		{4834B176-3BFC-4DD9-B92F-25B0255967FC}.Debug|x86.ActiveCfg = Debug|Any CPU
		{4834B176-3BFC-4DD9-B92F-25B0255967FC}.Release|Any CPU.ActiveCfg = Release|Any CPU
		{4834B176-3BFC-4DD9-B92F-25B0255967FC}.Release|Any CPU.Build.0 = Release|Any CPU
		{4834B176-3BFC-4DD9-B92F-25B0255967FC}.Release|Mixed Platforms.ActiveCfg = Release|Any CPU
		{4834B176-3BFC-4DD9-B92F-25B0255967FC}.Release|Mixed Platforms.Build.0 = Release|Any CPU
		{4834B176-3BFC-4DD9-B92F-25B0255967FC}.Release|x86.ActiveCfg = Release|Any CPU
		{73E51D45-228F-49BB-BA3E-87BCFADFAF5E}.Debug|Any CPU.ActiveCfg = Debug|x86
		{73E51D45-228F-49BB-BA3E-87BCFADFAF5E}.Debug|Mixed Platforms.ActiveCfg = Debug|x86
		{73E51D45-228F-49BB-BA3E-87BCFADFAF5E}.Debug|Mixed Platforms.Build.0 = Debug|x86
		{73E51D45-228F-49BB-BA3E-87BCFADFAF5E}.Debug|x86.ActiveCfg = Debug|x86
		{73E51D45-228F-49BB-BA3E-87BCFADFAF5E}.Debug|x86.Build.0 = Debug|x86
		{73E51D45-228F-49BB-BA3E-87BCFADFAF5E}.Release|Any CPU.ActiveCfg = Release|x86
		{73E51D45-228F-49BB-BA3E-87BCFADFAF5E}.Release|Mixed Platforms.ActiveCfg = Release|x86
		{73E51D45-228F-49BB-BA3E-87BCFADFAF5E}.Release|Mixed Platforms.Build.0 = Release|x86
		{73E51D45-228F-49BB-BA3E-87BCFADFAF5E}.Release|x86.ActiveCfg = Release|x86
		{73E51D45-228F-49BB-BA3E-87BCFADFAF5E}.Release|x86.Build.0 = Release|x86
		{828F3F6E-8991-4A6E-831E-16B5C5CD4A85}.Debug|Any CPU.ActiveCfg = Debug|x86
		{828F3F6E-8991-4A6E-831E-16B5C5CD4A85}.Debug|Mixed Platforms.ActiveCfg = Debug|x86
		{828F3F6E-8991-4A6E-831E-16B5C5CD4A85}.Debug|Mixed Platforms.Build.0 = Debug|x86
		{828F3F6E-8991-4A6E-831E-16B5C5CD4A85}.Debug|x86.ActiveCfg = Debug|x86
		{828F3F6E-8991-4A6E-831E-16B5C5CD4A85}.Debug|x86.Build.0 = Debug|x86
		{828F3F6E-8991-4A6E-831E-16B5C5CD4A85}.Release|Any CPU.ActiveCfg = Release|x86
		{828F3F6E-8991-4A6E-831E-16B5C5CD4A85}.Release|Mixed Platforms.ActiveCfg = Release|x86
		{828F3F6E-8991-4A6E-831E-16B5C5CD4A85}.Release|Mixed Platforms.Build.0 = Release|x86
		{828F3F6E-8991-4A6E-831E-16B5C5CD4A85}.Release|x86.ActiveCfg = Release|x86
		{828F3F6E-8991-4A6E-831E-16B5C5CD4A85}.Release|x86.Build.0 = Release|x86
	EndGlobalSection
	GlobalSection(SolutionProperties) = preSolution
		HideSolutionNode = FALSE
	EndGlobalSection
EndGlobal
